
Microsoft Visual Studio Solution File, Format Version 12.00
# Visual Studio 2017
Project("{FAE04EC0-301F-11D3-BF4B-00C04F79EFBC}") = "Clouder.Server.Api.Test", "Clouder.Server.Api.Test\Clouder.Server.Api.Test.csproj", "{2E7D0751-99C3-40BB-B34C-F242FD075254}"
EndProject
Project("{FAE04EC0-301F-11D3-BF4B-00C04F79EFBC}") = "Clouder.Server.Contract", "Clouder.Server.Contract\Clouder.Server.Contract.csproj", "{5AF36B90-B06E-4E07-9D77-748BDD573C32}"
EndProject
Project("{2150E333-8FDC-42A3-9474-1A3956D46DE8}") = "Test", "Test", "{4EC23DEE-387B-4C27-B353-0E56684E4371}"
EndProject
Project("{FAE04EC0-301F-11D3-BF4B-00C04F79EFBC}") = "Clouder.Server.Helper", "Clouder.Server.Helper\Clouder.Server.Helper.csproj", "{94AA8AAF-D64F-4A3A-925A-A091C9934CD2}"
EndProject
Project("{FAE04EC0-301F-11D3-BF4B-00C04F79EFBC}") = "Clouder.Server.Api", "Clouder.Server.Api\Clouder.Server.Api.csproj", "{99E2A317-B3C7-4D0C-AD07-6E8F9518730A}"
EndProject
Project("{FAE04EC0-301F-11D3-BF4B-00C04F79EFBC}") = "Clouder.Server.Controller", "Clouder.Server.Controller\Clouder.Server.Controller.csproj", "{64F5E2DB-525F-455B-8339-2E2B16F7244D}"
EndProject
Project("{FAE04EC0-301F-11D3-BF4B-00C04F79EFBC}") = "Clouder.Server.Service", "Clouder.Server.Service\Clouder.Server.Service.csproj", "{96670D88-814A-4668-99F2-8AA90CE8789B}"
EndProject
Project("{FAE04EC0-301F-11D3-BF4B-00C04F79EFBC}") = "Clouder.Server.Constant", "Clouder.Server.Constant\Clouder.Server.Constant.csproj", "{7F8D2D97-7E16-4574-A267-0E52DB26E6DF}"
EndProject
Project("{FAE04EC0-301F-11D3-BF4B-00C04F79EFBC}") = "Clouder.Server.Prop", "Clouder.Server.Prop\Clouder.Server.Prop.csproj", "{AA255AB0-8D69-442E-82B9-42432773865F}"
EndProject
Global
	GlobalSection(SolutionConfigurationPlatforms) = preSolution
		Debug|Any CPU = Debug|Any CPU
		Release|Any CPU = Release|Any CPU
	EndGlobalSection
	GlobalSection(ProjectConfigurationPlatforms) = postSolution
		{2E7D0751-99C3-40BB-B34C-F242FD075254}.Debug|Any CPU.ActiveCfg = Debug|Any CPU
		{2E7D0751-99C3-40BB-B34C-F242FD075254}.Debug|Any CPU.Build.0 = Debug|Any CPU
		{2E7D0751-99C3-40BB-B34C-F242FD075254}.Release|Any CPU.ActiveCfg = Release|Any CPU
		{2E7D0751-99C3-40BB-B34C-F242FD075254}.Release|Any CPU.Build.0 = Release|Any CPU
		{5AF36B90-B06E-4E07-9D77-748BDD573C32}.Debug|Any CPU.ActiveCfg = Debug|Any CPU
		{5AF36B90-B06E-4E07-9D77-748BDD573C32}.Debug|Any CPU.Build.0 = Debug|Any CPU
		{5AF36B90-B06E-4E07-9D77-748BDD573C32}.Release|Any CPU.ActiveCfg = Release|Any CPU
		{5AF36B90-B06E-4E07-9D77-748BDD573C32}.Release|Any CPU.Build.0 = Release|Any CPU
		{94AA8AAF-D64F-4A3A-925A-A091C9934CD2}.Debug|Any CPU.ActiveCfg = Debug|Any CPU
		{94AA8AAF-D64F-4A3A-925A-A091C9934CD2}.Debug|Any CPU.Build.0 = Debug|Any CPU
		{94AA8AAF-D64F-4A3A-925A-A091C9934CD2}.Release|Any CPU.ActiveCfg = Release|Any CPU
		{94AA8AAF-D64F-4A3A-925A-A091C9934CD2}.Release|Any CPU.Build.0 = Release|Any CPU
		{99E2A317-B3C7-4D0C-AD07-6E8F9518730A}.Debug|Any CPU.ActiveCfg = Debug|Any CPU
		{99E2A317-B3C7-4D0C-AD07-6E8F9518730A}.Debug|Any CPU.Build.0 = Debug|Any CPU
		{99E2A317-B3C7-4D0C-AD07-6E8F9518730A}.Release|Any CPU.ActiveCfg = Release|Any CPU
		{99E2A317-B3C7-4D0C-AD07-6E8F9518730A}.Release|Any CPU.Build.0 = Release|Any CPU
		{64F5E2DB-525F-455B-8339-2E2B16F7244D}.Debug|Any CPU.ActiveCfg = Debug|Any CPU
		{64F5E2DB-525F-455B-8339-2E2B16F7244D}.Debug|Any CPU.Build.0 = Debug|Any CPU
		{64F5E2DB-525F-455B-8339-2E2B16F7244D}.Release|Any CPU.ActiveCfg = Release|Any CPU
		{64F5E2DB-525F-455B-8339-2E2B16F7244D}.Release|Any CPU.Build.0 = Release|Any CPU
		{96670D88-814A-4668-99F2-8AA90CE8789B}.Debug|Any CPU.ActiveCfg = Debug|Any CPU
		{96670D88-814A-4668-99F2-8AA90CE8789B}.Debug|Any CPU.Build.0 = Debug|Any CPU
		{96670D88-814A-4668-99F2-8AA90CE8789B}.Release|Any CPU.ActiveCfg = Release|Any CPU
		{96670D88-814A-4668-99F2-8AA90CE8789B}.Release|Any CPU.Build.0 = Release|Any CPU
		{7F8D2D97-7E16-4574-A267-0E52DB26E6DF}.Debug|Any CPU.ActiveCfg = Debug|Any CPU
		{7F8D2D97-7E16-4574-A267-0E52DB26E6DF}.Debug|Any CPU.Build.0 = Debug|Any CPU
		{7F8D2D97-7E16-4574-A267-0E52DB26E6DF}.Release|Any CPU.ActiveCfg = Release|Any CPU
		{7F8D2D97-7E16-4574-A267-0E52DB26E6DF}.Release|Any CPU.Build.0 = Release|Any CPU
		{AA255AB0-8D69-442E-82B9-42432773865F}.Debug|Any CPU.ActiveCfg = Debug|Any CPU
		{AA255AB0-8D69-442E-82B9-42432773865F}.Debug|Any CPU.Build.0 = Debug|Any CPU
		{AA255AB0-8D69-442E-82B9-42432773865F}.Release|Any CPU.ActiveCfg = Release|Any CPU
		{AA255AB0-8D69-442E-82B9-42432773865F}.Release|Any CPU.Build.0 = Release|Any CPU
	EndGlobalSection
	GlobalSection(NestedProjects) = preSolution
		{2E7D0751-99C3-40BB-B34C-F242FD075254} = {4EC23DEE-387B-4C27-B353-0E56684E4371}
	EndGlobalSection
EndGlobal
